
Microsoft Visual Studio Solution File, Format Version 12.00
# Visual Studio Version 16
VisualStudioVersion = 16.0.30104.148
MinimumVisualStudioVersion = 10.0.40219.1
Project("{FAE04EC0-301F-11D3-BF4B-00C04F79EFBC}") = "PolynomUnitTesting", "PolynomUnitTesting\PolynomUnitTesting.csproj", "{2699B6A0-5907-43CD-9C00-78034626508E}"
EndProject
Project("{FAE04EC0-301F-11D3-BF4B-00C04F79EFBC}") = "PolynomLib", "PolynomLib\PolynomLib.csproj", "{461CBABC-31ED-4258-AE7F-867D3E6823A8}"
EndProject
Project("{2150E333-8FDC-42A3-9474-1A3956D46DE8}") = "NewFolder1", "NewFolder1", "{ACF81899-1E46-4264-80D4-923FB1F1EA94}"
EndProject
Project("{FAE04EC0-301F-11D3-BF4B-00C04F79EFBC}") = "PolynomLib.Tests", "Tests\PolynomLib.Tests\PolynomLib.Tests.csproj", "{1BF8558A-BA6A-40DC-A749-37AF1B89548F}"
EndProject
Global
	GlobalSection(SolutionConfigurationPlatforms) = preSolution
		Debug|Any CPU = Debug|Any CPU
		Release|Any CPU = Release|Any CPU
	EndGlobalSection
	GlobalSection(ProjectConfigurationPlatforms) = postSolution
		{2699B6A0-5907-43CD-9C00-78034626508E}.Debug|Any CPU.ActiveCfg = Debug|Any CPU
		{2699B6A0-5907-43CD-9C00-78034626508E}.Debug|Any CPU.Build.0 = Debug|Any CPU
		{2699B6A0-5907-43CD-9C00-78034626508E}.Release|Any CPU.ActiveCfg = Release|Any CPU
		{2699B6A0-5907-43CD-9C00-78034626508E}.Release|Any CPU.Build.0 = Release|Any CPU
		{461CBABC-31ED-4258-AE7F-867D3E6823A8}.Debug|Any CPU.ActiveCfg = Debug|Any CPU
		{461CBABC-31ED-4258-AE7F-867D3E6823A8}.Debug|Any CPU.Build.0 = Debug|Any CPU
		{461CBABC-31ED-4258-AE7F-867D3E6823A8}.Release|Any CPU.ActiveCfg = Release|Any CPU
		{461CBABC-31ED-4258-AE7F-867D3E6823A8}.Release|Any CPU.Build.0 = Release|Any CPU
		{1BF8558A-BA6A-40DC-A749-37AF1B89548F}.Debug|Any CPU.ActiveCfg = Debug|Any CPU
		{1BF8558A-BA6A-40DC-A749-37AF1B89548F}.Debug|Any CPU.Build.0 = Debug|Any CPU
		{1BF8558A-BA6A-40DC-A749-37AF1B89548F}.Release|Any CPU.ActiveCfg = Release|Any CPU
		{1BF8558A-BA6A-40DC-A749-37AF1B89548F}.Release|Any CPU.Build.0 = Release|Any CPU
	EndGlobalSection
	GlobalSection(SolutionProperties) = preSolution
		HideSolutionNode = FALSE
	EndGlobalSection
	GlobalSection(NestedProjects) = preSolution
		{1BF8558A-BA6A-40DC-A749-37AF1B89548F} = {ACF81899-1E46-4264-80D4-923FB1F1EA94}
	EndGlobalSection
	GlobalSection(ExtensibilityGlobals) = postSolution
		SolutionGuid = {31C34BE5-A2D3-4632-B9D0-FF5DAE08C9AE}
	EndGlobalSection
EndGlobal
